
Microsoft Visual Studio Solution File, Format Version 12.00
# Visual Studio Version 16
VisualStudioVersion = 16.0.29613.14
MinimumVisualStudioVersion = 10.0.40219.1
Project("{FAE04EC0-301F-11D3-BF4B-00C04F79EFBC}") = "Point_Foot", "Point_Foot\Point_Foot.csproj", "{B07D9535-B51F-4ECB-A8F8-89294E8D02EC}"
EndProject
Global
	GlobalSection(SolutionConfigurationPlatforms) = preSolution
		Debug|Any CPU = Debug|Any CPU
		Release|Any CPU = Release|Any CPU
	EndGlobalSection
	GlobalSection(ProjectConfigurationPlatforms) = postSolution
		{B07D9535-B51F-4ECB-A8F8-89294E8D02EC}.Debug|Any CPU.ActiveCfg = Debug|Any CPU
		{B07D9535-B51F-4ECB-A8F8-89294E8D02EC}.Debug|Any CPU.Build.0 = Debug|Any CPU
		{B07D9535-B51F-4ECB-A8F8-89294E8D02EC}.Release|Any CPU.ActiveCfg = Release|Any CPU
		{B07D9535-B51F-4ECB-A8F8-89294E8D02EC}.Release|Any CPU.Build.0 = Release|Any CPU
	EndGlobalSection
	GlobalSection(SolutionProperties) = preSolution
		HideSolutionNode = FALSE
	EndGlobalSection
	GlobalSection(ExtensibilityGlobals) = postSolution
		SolutionGuid = {FAFBFB06-25E3-473B-B318-5BB95E7E4315}
	EndGlobalSection
EndGlobal
